// !$*UTF8*$!
{
	archiveVersion = 1;
	classes = {
	};
	objectVersion = 51;
	objects = {

/* Begin PBXBuildFile section */
		002570DB091425345B4D8831 /* Pods_Assignment1.framework in Frameworks */ = {isa = PBXBuildFile; fileRef = E747CC0933C2EC959BD232C2 /* Pods_Assignment1.framework */; };
		B1041D9523A349CE0000B382 /* RealmViewController.swift in Sources */ = {isa = PBXBuildFile; fileRef = B1041D9423A349CE0000B382 /* RealmViewController.swift */; };
		B1041D9723A34B550000B382 /* User.swift in Sources */ = {isa = PBXBuildFile; fileRef = B1041D9623A34B550000B382 /* User.swift */; };
		B1041D9923A34BCB0000B382 /* Pet.swift in Sources */ = {isa = PBXBuildFile; fileRef = B1041D9823A34BCB0000B382 /* Pet.swift */; };
		B1041DB123A38E530000B382 /* Book.swift in Sources */ = {isa = PBXBuildFile; fileRef = B1041DAE23A38E530000B382 /* Book.swift */; };
		B1041DB223A38E530000B382 /* UserDefaultViewController.swift in Sources */ = {isa = PBXBuildFile; fileRef = B1041DAF23A38E530000B382 /* UserDefaultViewController.swift */; };
		B1041DB323A38E530000B382 /* Owner.swift in Sources */ = {isa = PBXBuildFile; fileRef = B1041DB023A38E530000B382 /* Owner.swift */; };
		B1041DB823A39A1E0000B382 /* BrowserViewController.swift in Sources */ = {isa = PBXBuildFile; fileRef = B1041DB723A39A1E0000B382 /* BrowserViewController.swift */; };
		B109C6A023A214EF000AF35A /* Record.swift in Sources */ = {isa = PBXBuildFile; fileRef = B109C69F23A214EF000AF35A /* Record.swift */; };
		B109C6A323A2194A000AF35A /* SQLiteManager.swift in Sources */ = {isa = PBXBuildFile; fileRef = B109C6A223A2194A000AF35A /* SQLiteManager.swift */; };
		B109C6A823A236E1000AF35A /* CoreDataOperationViewController.swift in Sources */ = {isa = PBXBuildFile; fileRef = B109C6A723A236E1000AF35A /* CoreDataOperationViewController.swift */; };
		B109C6AB23A2371A000AF35A /* Product.swift in Sources */ = {isa = PBXBuildFile; fileRef = B109C6AA23A2371A000AF35A /* Product.swift */; };
		B109C6AD23A23742000AF35A /* DataManager.swift in Sources */ = {isa = PBXBuildFile; fileRef = B109C6AC23A23742000AF35A /* DataManager.swift */; };
		B109C6B023A24D3D000AF35A /* Assignment1.xcdatamodeld in Sources */ = {isa = PBXBuildFile; fileRef = B109C6AE23A24D3D000AF35A /* Assignment1.xcdatamodeld */; };
		B11FF17423A0B7F50036561F /* JSONParsedViewController.swift in Sources */ = {isa = PBXBuildFile; fileRef = B11FF17323A0B7F50036561F /* JSONParsedViewController.swift */; };
		B11FF17623A0C0500036561F /* MyGithubModel.swift in Sources */ = {isa = PBXBuildFile; fileRef = B11FF17523A0C0500036561F /* MyGithubModel.swift */; };
		B11FF17923A0F04A0036561F /* ParsingManager.swift in Sources */ = {isa = PBXBuildFile; fileRef = B11FF17823A0F04A0036561F /* ParsingManager.swift */; };
		B11FF17E23A0F4130036561F /* JSONParsingManager.swift in Sources */ = {isa = PBXBuildFile; fileRef = B11FF17D23A0F4130036561F /* JSONParsingManager.swift */; };
		B17566F023A1F8CD004D4DE4 /* SQLiteOperationsViewController.swift in Sources */ = {isa = PBXBuildFile; fileRef = B17566EF23A1F8CD004D4DE4 /* SQLiteOperationsViewController.swift */; };
		B18E9689239F6F64003E2BAC /* AppDelegate.swift in Sources */ = {isa = PBXBuildFile; fileRef = B18E9688239F6F64003E2BAC /* AppDelegate.swift */; };
		B18E968B239F6F64003E2BAC /* ViewController.swift in Sources */ = {isa = PBXBuildFile; fileRef = B18E968A239F6F64003E2BAC /* ViewController.swift */; };
		B18E968E239F6F64003E2BAC /* Main.storyboard in Resources */ = {isa = PBXBuildFile; fileRef = B18E968C239F6F64003E2BAC /* Main.storyboard */; };
		B18E9693239F6F65003E2BAC /* Assets.xcassets in Resources */ = {isa = PBXBuildFile; fileRef = B18E9692239F6F65003E2BAC /* Assets.xcassets */; };
		B18E9696239F6F65003E2BAC /* LaunchScreen.storyboard in Resources */ = {isa = PBXBuildFile; fileRef = B18E9694239F6F65003E2BAC /* LaunchScreen.storyboard */; };
		B18E96A6239F9CCC003E2BAC /* AssignmentListTableViewController.swift in Sources */ = {isa = PBXBuildFile; fileRef = B18E96A5239F9CCC003E2BAC /* AssignmentListTableViewController.swift */; };
		B18E96A8239FAA6F003E2BAC /* sample.xml in Sources */ = {isa = PBXBuildFile; fileRef = B18E96A7239FAA6F003E2BAC /* sample.xml */; };
		B18E96AD239FB58F003E2BAC /* XMLModel.swift in Sources */ = {isa = PBXBuildFile; fileRef = B18E96AC239FB58F003E2BAC /* XMLModel.swift */; };
		B19EF10023A4B07100916EB9 /* ShowUIElementsViewController.swift in Sources */ = {isa = PBXBuildFile; fileRef = B19EF0FF23A4B07100916EB9 /* ShowUIElementsViewController.swift */; };
		B19EF10323A4BD5F00916EB9 /* PickViewController.swift in Sources */ = {isa = PBXBuildFile; fileRef = B19EF10223A4BD5F00916EB9 /* PickViewController.swift */; };
		B19EF10623A4C7A800916EB9 /* TabViewController.swift in Sources */ = {isa = PBXBuildFile; fileRef = B19EF10523A4C7A800916EB9 /* TabViewController.swift */; };
		B19EF10923A4ECDF00916EB9 /* CollectionViewExViewController.swift in Sources */ = {isa = PBXBuildFile; fileRef = B19EF10823A4ECDF00916EB9 /* CollectionViewExViewController.swift */; };
		B19EF10B23A4EF7000916EB9 /* SampleCollectionViewCell.swift in Sources */ = {isa = PBXBuildFile; fileRef = B19EF10A23A4EF7000916EB9 /* SampleCollectionViewCell.swift */; };
/* End PBXBuildFile section */

/* Begin PBXCopyFilesBuildPhase section */
		B109C67E23A20E52000AF35A /* Embed Frameworks */ = {
			isa = PBXCopyFilesBuildPhase;
			buildActionMask = 2147483647;
			dstPath = "";
			dstSubfolderSpec = 10;
			files = (
			);
			name = "Embed Frameworks";
			runOnlyForDeploymentPostprocessing = 0;
		};
/* End PBXCopyFilesBuildPhase section */

/* Begin PBXFileReference section */
		9B80265AF085D3AA9E7EE58F /* Pods-Assignment1.release.xcconfig */ = {isa = PBXFileReference; includeInIndex = 1; lastKnownFileType = text.xcconfig; name = "Pods-Assignment1.release.xcconfig"; path = "Target Support Files/Pods-Assignment1/Pods-Assignment1.release.xcconfig"; sourceTree = "<group>"; };
		B1041D9423A349CE0000B382 /* RealmViewController.swift */ = {isa = PBXFileReference; lastKnownFileType = sourcecode.swift; path = RealmViewController.swift; sourceTree = "<group>"; };
		B1041D9623A34B550000B382 /* User.swift */ = {isa = PBXFileReference; lastKnownFileType = sourcecode.swift; path = User.swift; sourceTree = "<group>"; };
		B1041D9823A34BCB0000B382 /* Pet.swift */ = {isa = PBXFileReference; lastKnownFileType = sourcecode.swift; path = Pet.swift; sourceTree = "<group>"; };
		B1041DAE23A38E530000B382 /* Book.swift */ = {isa = PBXFileReference; fileEncoding = 4; lastKnownFileType = sourcecode.swift; path = Book.swift; sourceTree = "<group>"; };
		B1041DAF23A38E530000B382 /* UserDefaultViewController.swift */ = {isa = PBXFileReference; fileEncoding = 4; lastKnownFileType = sourcecode.swift; path = UserDefaultViewController.swift; sourceTree = "<group>"; };
		B1041DB023A38E530000B382 /* Owner.swift */ = {isa = PBXFileReference; fileEncoding = 4; lastKnownFileType = sourcecode.swift; path = Owner.swift; sourceTree = "<group>"; };
		B1041DB723A39A1E0000B382 /* BrowserViewController.swift */ = {isa = PBXFileReference; lastKnownFileType = sourcecode.swift; path = BrowserViewController.swift; sourceTree = "<group>"; };
		B109C69723A20F26000AF35A /* SQLite.framework */ = {isa = PBXFileReference; explicitFileType = wrapper.framework; path = SQLite.framework; sourceTree = BUILT_PRODUCTS_DIR; };
		B109C69F23A214EF000AF35A /* Record.swift */ = {isa = PBXFileReference; lastKnownFileType = sourcecode.swift; path = Record.swift; sourceTree = "<group>"; };
		B109C6A223A2194A000AF35A /* SQLiteManager.swift */ = {isa = PBXFileReference; lastKnownFileType = sourcecode.swift; path = SQLiteManager.swift; sourceTree = "<group>"; };
		B109C6A723A236E1000AF35A /* CoreDataOperationViewController.swift */ = {isa = PBXFileReference; lastKnownFileType = sourcecode.swift; path = CoreDataOperationViewController.swift; sourceTree = "<group>"; };
		B109C6AA23A2371A000AF35A /* Product.swift */ = {isa = PBXFileReference; lastKnownFileType = sourcecode.swift; path = Product.swift; sourceTree = "<group>"; };
		B109C6AC23A23742000AF35A /* DataManager.swift */ = {isa = PBXFileReference; lastKnownFileType = sourcecode.swift; path = DataManager.swift; sourceTree = "<group>"; };
		B109C6AF23A24D3D000AF35A /* Assignment1.xcdatamodel */ = {isa = PBXFileReference; lastKnownFileType = wrapper.xcdatamodel; path = Assignment1.xcdatamodel; sourceTree = "<group>"; };
		B11FF17323A0B7F50036561F /* JSONParsedViewController.swift */ = {isa = PBXFileReference; lastKnownFileType = sourcecode.swift; path = JSONParsedViewController.swift; sourceTree = "<group>"; };
		B11FF17523A0C0500036561F /* MyGithubModel.swift */ = {isa = PBXFileReference; lastKnownFileType = sourcecode.swift; path = MyGithubModel.swift; sourceTree = "<group>"; };
		B11FF17823A0F04A0036561F /* ParsingManager.swift */ = {isa = PBXFileReference; lastKnownFileType = sourcecode.swift; path = ParsingManager.swift; sourceTree = "<group>"; };
		B11FF17D23A0F4130036561F /* JSONParsingManager.swift */ = {isa = PBXFileReference; lastKnownFileType = sourcecode.swift; path = JSONParsingManager.swift; sourceTree = "<group>"; };
		B17566EF23A1F8CD004D4DE4 /* SQLiteOperationsViewController.swift */ = {isa = PBXFileReference; lastKnownFileType = sourcecode.swift; path = SQLiteOperationsViewController.swift; sourceTree = "<group>"; };
		B18E9685239F6F64003E2BAC /* Assignment1.app */ = {isa = PBXFileReference; explicitFileType = wrapper.application; includeInIndex = 0; path = Assignment1.app; sourceTree = BUILT_PRODUCTS_DIR; };
		B18E9688239F6F64003E2BAC /* AppDelegate.swift */ = {isa = PBXFileReference; lastKnownFileType = sourcecode.swift; path = AppDelegate.swift; sourceTree = "<group>"; };
		B18E968A239F6F64003E2BAC /* ViewController.swift */ = {isa = PBXFileReference; lastKnownFileType = sourcecode.swift; path = ViewController.swift; sourceTree = "<group>"; };
		B18E968D239F6F64003E2BAC /* Base */ = {isa = PBXFileReference; lastKnownFileType = file.storyboard; name = Base; path = Base.lproj/Main.storyboard; sourceTree = "<group>"; };
		B18E9692239F6F65003E2BAC /* Assets.xcassets */ = {isa = PBXFileReference; lastKnownFileType = folder.assetcatalog; path = Assets.xcassets; sourceTree = "<group>"; };
		B18E9695239F6F65003E2BAC /* Base */ = {isa = PBXFileReference; lastKnownFileType = file.storyboard; name = Base; path = Base.lproj/LaunchScreen.storyboard; sourceTree = "<group>"; };
		B18E9697239F6F65003E2BAC /* Info.plist */ = {isa = PBXFileReference; lastKnownFileType = text.plist.xml; path = Info.plist; sourceTree = "<group>"; };
		B18E96A5239F9CCC003E2BAC /* AssignmentListTableViewController.swift */ = {isa = PBXFileReference; lastKnownFileType = sourcecode.swift; path = AssignmentListTableViewController.swift; sourceTree = "<group>"; };
		B18E96A7239FAA6F003E2BAC /* sample.xml */ = {isa = PBXFileReference; lastKnownFileType = text.xml; path = sample.xml; sourceTree = "<group>"; };
		B18E96AC239FB58F003E2BAC /* XMLModel.swift */ = {isa = PBXFileReference; lastKnownFileType = sourcecode.swift; path = XMLModel.swift; sourceTree = "<group>"; };
		B19EF0FF23A4B07100916EB9 /* ShowUIElementsViewController.swift */ = {isa = PBXFileReference; lastKnownFileType = sourcecode.swift; path = ShowUIElementsViewController.swift; sourceTree = "<group>"; };
		B19EF10223A4BD5F00916EB9 /* PickViewController.swift */ = {isa = PBXFileReference; lastKnownFileType = sourcecode.swift; path = PickViewController.swift; sourceTree = "<group>"; };
		B19EF10523A4C7A800916EB9 /* TabViewController.swift */ = {isa = PBXFileReference; lastKnownFileType = sourcecode.swift; path = TabViewController.swift; sourceTree = "<group>"; };
		B19EF10823A4ECDF00916EB9 /* CollectionViewExViewController.swift */ = {isa = PBXFileReference; lastKnownFileType = sourcecode.swift; path = CollectionViewExViewController.swift; sourceTree = "<group>"; };
		B19EF10A23A4EF7000916EB9 /* SampleCollectionViewCell.swift */ = {isa = PBXFileReference; lastKnownFileType = sourcecode.swift; path = SampleCollectionViewCell.swift; sourceTree = "<group>"; };
		E747CC0933C2EC959BD232C2 /* Pods_Assignment1.framework */ = {isa = PBXFileReference; explicitFileType = wrapper.framework; includeInIndex = 0; path = Pods_Assignment1.framework; sourceTree = BUILT_PRODUCTS_DIR; };
		EF834BA8816F513B8AE827C7 /* Pods-Assignment1.debug.xcconfig */ = {isa = PBXFileReference; includeInIndex = 1; lastKnownFileType = text.xcconfig; name = "Pods-Assignment1.debug.xcconfig"; path = "Target Support Files/Pods-Assignment1/Pods-Assignment1.debug.xcconfig"; sourceTree = "<group>"; };
/* End PBXFileReference section */

/* Begin PBXFrameworksBuildPhase section */
		B18E9682239F6F64003E2BAC /* Frameworks */ = {
			isa = PBXFrameworksBuildPhase;
			buildActionMask = 2147483647;
			files = (
				002570DB091425345B4D8831 /* Pods_Assignment1.framework in Frameworks */,
			);
			runOnlyForDeploymentPostprocessing = 0;
		};
/* End PBXFrameworksBuildPhase section */

/* Begin PBXGroup section */
		01D7700CC13A2FA52302A895 /* Pods */ = {
			isa = PBXGroup;
			children = (
				EF834BA8816F513B8AE827C7 /* Pods-Assignment1.debug.xcconfig */,
				9B80265AF085D3AA9E7EE58F /* Pods-Assignment1.release.xcconfig */,
			);
			path = Pods;
			sourceTree = "<group>";
		};
		06517FB11DED88ED0FDDE94E /* Frameworks */ = {
			isa = PBXGroup;
			children = (
				B109C69723A20F26000AF35A /* SQLite.framework */,
				E747CC0933C2EC959BD232C2 /* Pods_Assignment1.framework */,
			);
			name = Frameworks;
			sourceTree = "<group>";
		};
		B1041D9A23A34C2E0000B382 /* Model */ = {
			isa = PBXGroup;
			children = (
				B1041D9623A34B550000B382 /* User.swift */,
				B1041D9823A34BCB0000B382 /* Pet.swift */,
			);
			path = Model;
			sourceTree = "<group>";
		};
		B1041D9B23A34C3E0000B382 /* Controller */ = {
			isa = PBXGroup;
			children = (
				B1041D9423A349CE0000B382 /* RealmViewController.swift */,
			);
			path = Controller;
			sourceTree = "<group>";
		};
		B1041DAD23A38E530000B382 /* Task 11 */ = {
			isa = PBXGroup;
			children = (
				B1041DAE23A38E530000B382 /* Book.swift */,
				B1041DAF23A38E530000B382 /* UserDefaultViewController.swift */,
				B1041DB023A38E530000B382 /* Owner.swift */,
			);
			path = "Task 11";
			sourceTree = "<group>";
		};
		B1041DB623A399160000B382 /* Task 12 */ = {
			isa = PBXGroup;
			children = (
				B19EF0FD23A4ABDD00916EB9 /* Controller */,
			);
			path = "Task 12";
			sourceTree = "<group>";
		};
		B109C6A423A234AB000AF35A /* Controller */ = {
			isa = PBXGroup;
			children = (
				B17566EF23A1F8CD004D4DE4 /* SQLiteOperationsViewController.swift */,
			);
			path = Controller;
			sourceTree = "<group>";
		};
		B109C6A523A234C1000AF35A /* Model */ = {
			isa = PBXGroup;
			children = (
				B109C69F23A214EF000AF35A /* Record.swift */,
				B109C6A223A2194A000AF35A /* SQLiteManager.swift */,
			);
			path = Model;
			sourceTree = "<group>";
		};
		B109C6A623A236B1000AF35A /* Task 9 */ = {
			isa = PBXGroup;
			children = (
				B109C6B123A250C6000AF35A /* Model */,
				B109C6A923A236E7000AF35A /* Controller */,
			);
			path = "Task 9";
			sourceTree = "<group>";
		};
		B109C6A923A236E7000AF35A /* Controller */ = {
			isa = PBXGroup;
			children = (
				B109C6A723A236E1000AF35A /* CoreDataOperationViewController.swift */,
			);
			path = Controller;
			sourceTree = "<group>";
		};
		B109C6B123A250C6000AF35A /* Model */ = {
			isa = PBXGroup;
			children = (
				B109C6AA23A2371A000AF35A /* Product.swift */,
				B109C6AC23A23742000AF35A /* DataManager.swift */,
			);
			path = Model;
			sourceTree = "<group>";
		};
		B109C6B223A2543A000AF35A /* Task 10 */ = {
			isa = PBXGroup;
			children = (
				B1041D9B23A34C3E0000B382 /* Controller */,
				B1041D9A23A34C2E0000B382 /* Model */,
			);
			path = "Task 10";
			sourceTree = "<group>";
		};
		B11FF17123A0B75F0036561F /* XML Parse */ = {
			isa = PBXGroup;
			children = (
				B11FF17A23A0F3870036561F /* Controller */,
				B11FF17723A0EF660036561F /* Model */,
				B18E96A7239FAA6F003E2BAC /* sample.xml */,
			);
			path = "XML Parse";
			sourceTree = "<group>";
		};
		B11FF17223A0B79E0036561F /* JSON Parse */ = {
			isa = PBXGroup;
			children = (
				B11FF17B23A0F3C50036561F /* Controller */,
				B11FF17C23A0F3CE0036561F /* Model */,
			);
			path = "JSON Parse";
			sourceTree = "<group>";
		};
		B11FF17723A0EF660036561F /* Model */ = {
			isa = PBXGroup;
			children = (
				B11FF18023A101600036561F /* Manager */,
				B18E96AC239FB58F003E2BAC /* XMLModel.swift */,
			);
			path = Model;
			sourceTree = "<group>";
		};
		B11FF17A23A0F3870036561F /* Controller */ = {
			isa = PBXGroup;
			children = (
				B18E968A239F6F64003E2BAC /* ViewController.swift */,
			);
			path = Controller;
			sourceTree = "<group>";
		};
		B11FF17B23A0F3C50036561F /* Controller */ = {
			isa = PBXGroup;
			children = (
				B11FF17323A0B7F50036561F /* JSONParsedViewController.swift */,
			);
			path = Controller;
			sourceTree = "<group>";
		};
		B11FF17C23A0F3CE0036561F /* Model */ = {
			isa = PBXGroup;
			children = (
				B11FF17F23A1014C0036561F /* Manager */,
				B11FF17523A0C0500036561F /* MyGithubModel.swift */,
			);
			path = Model;
			sourceTree = "<group>";
		};
		B11FF17F23A1014C0036561F /* Manager */ = {
			isa = PBXGroup;
			children = (
				B11FF17D23A0F4130036561F /* JSONParsingManager.swift */,
			);
			path = Manager;
			sourceTree = "<group>";
		};
		B11FF18023A101600036561F /* Manager */ = {
			isa = PBXGroup;
			children = (
				B11FF17823A0F04A0036561F /* ParsingManager.swift */,
			);
			path = Manager;
			sourceTree = "<group>";
		};
		B11FF18123A1062C0036561F /* Resources */ = {
			isa = PBXGroup;
			children = (
				B18E9692239F6F65003E2BAC /* Assets.xcassets */,
			);
			path = Resources;
			sourceTree = "<group>";
		};
		B11FF18223A106460036561F /* View */ = {
			isa = PBXGroup;
			children = (
				B18E9694239F6F65003E2BAC /* LaunchScreen.storyboard */,
				B18E968C239F6F64003E2BAC /* Main.storyboard */,
			);
			path = View;
			sourceTree = "<group>";
		};
		B17566EE23A1F8A2004D4DE4 /* Task 8 */ = {
			isa = PBXGroup;
			children = (
				B109C6A423A234AB000AF35A /* Controller */,
				B109C6A523A234C1000AF35A /* Model */,
			);
			path = "Task 8";
			sourceTree = "<group>";
		};
		B18E967C239F6F64003E2BAC = {
			isa = PBXGroup;
			children = (
				B18E9687239F6F64003E2BAC /* Assignment1 */,
				B18E9686239F6F64003E2BAC /* Products */,
				01D7700CC13A2FA52302A895 /* Pods */,
				06517FB11DED88ED0FDDE94E /* Frameworks */,
			);
			sourceTree = "<group>";
		};
		B18E9686239F6F64003E2BAC /* Products */ = {
			isa = PBXGroup;
			children = (
				B18E9685239F6F64003E2BAC /* Assignment1.app */,
			);
			name = Products;
			sourceTree = "<group>";
		};
		B18E9687239F6F64003E2BAC /* Assignment1 */ = {
			isa = PBXGroup;
			children = (
				B1041DB623A399160000B382 /* Task 12 */,
				B1041DAD23A38E530000B382 /* Task 11 */,
				B109C6B223A2543A000AF35A /* Task 10 */,
				B109C6A623A236B1000AF35A /* Task 9 */,
				B17566EE23A1F8A2004D4DE4 /* Task 8 */,
				B18E96AB239FAB97003E2BAC /* Task 6 */,
				B19EF10723A4EA2200916EB9 /* Task 4 */,
				B19EF10423A4C76E00916EB9 /* Task 3 */,
				B19EF10123A4BBFF00916EB9 /* Task 2 */,
				B19EF0FE23A4AF7300916EB9 /* Task 1 */,
				B11FF18223A106460036561F /* View */,
				B11FF18123A1062C0036561F /* Resources */,
				B18E9688239F6F64003E2BAC /* AppDelegate.swift */,
				B18E9697239F6F65003E2BAC /* Info.plist */,
				B18E96A5239F9CCC003E2BAC /* AssignmentListTableViewController.swift */,
				B109C6AE23A24D3D000AF35A /* Assignment1.xcdatamodeld */,
			);
			path = Assignment1;
			sourceTree = "<group>";
		};
		B18E96AB239FAB97003E2BAC /* Task 6 */ = {
			isa = PBXGroup;
			children = (
				B11FF17123A0B75F0036561F /* XML Parse */,
				B11FF17223A0B79E0036561F /* JSON Parse */,
			);
			path = "Task 6";
			sourceTree = "<group>";
		};
		B19EF0FD23A4ABDD00916EB9 /* Controller */ = {
			isa = PBXGroup;
			children = (
				B1041DB723A39A1E0000B382 /* BrowserViewController.swift */,
			);
			path = Controller;
			sourceTree = "<group>";
		};
		B19EF0FE23A4AF7300916EB9 /* Task 1 */ = {
			isa = PBXGroup;
			children = (
				B19EF0FF23A4B07100916EB9 /* ShowUIElementsViewController.swift */,
			);
			path = "Task 1";
			sourceTree = "<group>";
		};
		B19EF10123A4BBFF00916EB9 /* Task 2 */ = {
			isa = PBXGroup;
			children = (
				B19EF10223A4BD5F00916EB9 /* PickViewController.swift */,
			);
			path = "Task 2";
			sourceTree = "<group>";
		};
		B19EF10423A4C76E00916EB9 /* Task 3 */ = {
			isa = PBXGroup;
			children = (
				B19EF10523A4C7A800916EB9 /* TabViewController.swift */,
			);
			path = "Task 3";
			sourceTree = "<group>";
		};
		B19EF10723A4EA2200916EB9 /* Task 4 */ = {
			isa = PBXGroup;
			children = (
				B19EF10823A4ECDF00916EB9 /* CollectionViewExViewController.swift */,
				B19EF10A23A4EF7000916EB9 /* SampleCollectionViewCell.swift */,
			);
			path = "Task 4";
			sourceTree = "<group>";
		};
/* End PBXGroup section */

/* Begin PBXNativeTarget section */
		B18E9684239F6F64003E2BAC /* Assignment1 */ = {
			isa = PBXNativeTarget;
			buildConfigurationList = B18E969A239F6F65003E2BAC /* Build configuration list for PBXNativeTarget "Assignment1" */;
			buildPhases = (
				219E7C8B132A1B33E812FE25 /* [CP] Check Pods Manifest.lock */,
				B18E9681239F6F64003E2BAC /* Sources */,
				B18E9682239F6F64003E2BAC /* Frameworks */,
				B18E9683239F6F64003E2BAC /* Resources */,
				DC2E7BDC0FFD5F995C27E05E /* [CP] Embed Pods Frameworks */,
				B109C67E23A20E52000AF35A /* Embed Frameworks */,
			);
			buildRules = (
			);
			dependencies = (
			);
			name = Assignment1;
			productName = Assignment1;
			productReference = B18E9685239F6F64003E2BAC /* Assignment1.app */;
			productType = "com.apple.product-type.application";
		};
/* End PBXNativeTarget section */

/* Begin PBXProject section */
		B18E967D239F6F64003E2BAC /* Project object */ = {
			isa = PBXProject;
			attributes = {
				LastSwiftUpdateCheck = 1010;
				LastUpgradeCheck = 1010;
				ORGANIZATIONNAME = Thanos;
				TargetAttributes = {
					B18E9684239F6F64003E2BAC = {
						CreatedOnToolsVersion = 10.1;
					};
				};
			};
			buildConfigurationList = B18E9680239F6F64003E2BAC /* Build configuration list for PBXProject "Assignment1" */;
			compatibilityVersion = "Xcode 9.3";
			developmentRegion = en;
			hasScannedForEncodings = 0;
			knownRegions = (
				en,
				Base,
			);
			mainGroup = B18E967C239F6F64003E2BAC;
			productRefGroup = B18E9686239F6F64003E2BAC /* Products */;
			projectDirPath = "";
			projectRoot = "";
			targets = (
				B18E9684239F6F64003E2BAC /* Assignment1 */,
			);
		};
/* End PBXProject section */

/* Begin PBXResourcesBuildPhase section */
		B18E9683239F6F64003E2BAC /* Resources */ = {
			isa = PBXResourcesBuildPhase;
			buildActionMask = 2147483647;
			files = (
				B18E9696239F6F65003E2BAC /* LaunchScreen.storyboard in Resources */,
				B18E9693239F6F65003E2BAC /* Assets.xcassets in Resources */,
				B18E968E239F6F64003E2BAC /* Main.storyboard in Resources */,
			);
			runOnlyForDeploymentPostprocessing = 0;
		};
/* End PBXResourcesBuildPhase section */

/* Begin PBXShellScriptBuildPhase section */
		219E7C8B132A1B33E812FE25 /* [CP] Check Pods Manifest.lock */ = {
			isa = PBXShellScriptBuildPhase;
			buildActionMask = 2147483647;
			files = (
			);
			inputFileListPaths = (
			);
			inputPaths = (
				"${PODS_PODFILE_DIR_PATH}/Podfile.lock",
				"${PODS_ROOT}/Manifest.lock",
			);
			name = "[CP] Check Pods Manifest.lock";
			outputFileListPaths = (
			);
			outputPaths = (
				"$(DERIVED_FILE_DIR)/Pods-Assignment1-checkManifestLockResult.txt",
			);
			runOnlyForDeploymentPostprocessing = 0;
			shellPath = /bin/sh;
			shellScript = "diff \"${PODS_PODFILE_DIR_PATH}/Podfile.lock\" \"${PODS_ROOT}/Manifest.lock\" > /dev/null\nif [ $? != 0 ] ; then\n    # print error to STDERR\n    echo \"error: The sandbox is not in sync with the Podfile.lock. Run 'pod install' or update your CocoaPods installation.\" >&2\n    exit 1\nfi\n# This output is used by Xcode 'outputs' to avoid re-running this script phase.\necho \"SUCCESS\" > \"${SCRIPT_OUTPUT_FILE_0}\"\n";
			showEnvVarsInLog = 0;
		};
		DC2E7BDC0FFD5F995C27E05E /* [CP] Embed Pods Frameworks */ = {
			isa = PBXShellScriptBuildPhase;
			buildActionMask = 2147483647;
			files = (
			);
			inputFileListPaths = (
				"${PODS_ROOT}/Target Support Files/Pods-Assignment1/Pods-Assignment1-frameworks-${CONFIGURATION}-input-files.xcfilelist",
			);
			name = "[CP] Embed Pods Frameworks";
			outputFileListPaths = (
				"${PODS_ROOT}/Target Support Files/Pods-Assignment1/Pods-Assignment1-frameworks-${CONFIGURATION}-output-files.xcfilelist",
			);
			runOnlyForDeploymentPostprocessing = 0;
			shellPath = /bin/sh;
			shellScript = "\"${PODS_ROOT}/Target Support Files/Pods-Assignment1/Pods-Assignment1-frameworks.sh\"\n";
			showEnvVarsInLog = 0;
		};
/* End PBXShellScriptBuildPhase section */

/* Begin PBXSourcesBuildPhase section */
		B18E9681239F6F64003E2BAC /* Sources */ = {
			isa = PBXSourcesBuildPhase;
			buildActionMask = 2147483647;
			files = (
				B109C6AB23A2371A000AF35A /* Product.swift in Sources */,
				B109C6AD23A23742000AF35A /* DataManager.swift in Sources */,
				B1041D9923A34BCB0000B382 /* Pet.swift in Sources */,
				B11FF17623A0C0500036561F /* MyGithubModel.swift in Sources */,
				B19EF10623A4C7A800916EB9 /* TabViewController.swift in Sources */,
				B1041DB223A38E530000B382 /* UserDefaultViewController.swift in Sources */,
				B18E96A8239FAA6F003E2BAC /* sample.xml in Sources */,
				B17566F023A1F8CD004D4DE4 /* SQLiteOperationsViewController.swift in Sources */,
				B109C6A823A236E1000AF35A /* CoreDataOperationViewController.swift in Sources */,
				B19EF10023A4B07100916EB9 /* ShowUIElementsViewController.swift in Sources */,
				B109C6A323A2194A000AF35A /* SQLiteManager.swift in Sources */,
				B1041DB123A38E530000B382 /* Book.swift in Sources */,
				B11FF17423A0B7F50036561F /* JSONParsedViewController.swift in Sources */,
				B19EF10923A4ECDF00916EB9 /* CollectionViewExViewController.swift in Sources */,
				B11FF17923A0F04A0036561F /* ParsingManager.swift in Sources */,
				B19EF10323A4BD5F00916EB9 /* PickViewController.swift in Sources */,
				B18E968B239F6F64003E2BAC /* ViewController.swift in Sources */,
				B109C6B023A24D3D000AF35A /* Assignment1.xcdatamodeld in Sources */,
				B19EF10B23A4EF7000916EB9 /* SampleCollectionViewCell.swift in Sources */,
				B109C6A023A214EF000AF35A /* Record.swift in Sources */,
				B18E96A6239F9CCC003E2BAC /* AssignmentListTableViewController.swift in Sources */,
				B1041D9523A349CE0000B382 /* RealmViewController.swift in Sources */,
				B1041D9723A34B550000B382 /* User.swift in Sources */,
				B18E96AD239FB58F003E2BAC /* XMLModel.swift in Sources */,
				B1041DB323A38E530000B382 /* Owner.swift in Sources */,
				B11FF17E23A0F4130036561F /* JSONParsingManager.swift in Sources */,
				B1041DB823A39A1E0000B382 /* BrowserViewController.swift in Sources */,
				B18E9689239F6F64003E2BAC /* AppDelegate.swift in Sources */,
			);
			runOnlyForDeploymentPostprocessing = 0;
		};
/* End PBXSourcesBuildPhase section */

/* Begin PBXVariantGroup section */
		B18E968C239F6F64003E2BAC /* Main.storyboard */ = {
			isa = PBXVariantGroup;
			children = (
				B18E968D239F6F64003E2BAC /* Base */,
			);
			name = Main.storyboard;
			sourceTree = "<group>";
		};
		B18E9694239F6F65003E2BAC /* LaunchScreen.storyboard */ = {
			isa = PBXVariantGroup;
			children = (
				B18E9695239F6F65003E2BAC /* Base */,
			);
			name = LaunchScreen.storyboard;
			sourceTree = "<group>";
		};
/* End PBXVariantGroup section */

/* Begin XCBuildConfiguration section */
		B18E9698239F6F65003E2BAC /* Debug */ = {
			isa = XCBuildConfiguration;
			buildSettings = {
				ALWAYS_SEARCH_USER_PATHS = NO;
				CLANG_ANALYZER_NONNULL = YES;
				CLANG_ANALYZER_NUMBER_OBJECT_CONVERSION = YES_AGGRESSIVE;
				CLANG_CXX_LANGUAGE_STANDARD = "gnu++14";
				CLANG_CXX_LIBRARY = "libc++";
				CLANG_ENABLE_MODULES = YES;
				CLANG_ENABLE_OBJC_ARC = YES;
				CLANG_ENABLE_OBJC_WEAK = YES;
				CLANG_WARN_BLOCK_CAPTURE_AUTORELEASING = YES;
				CLANG_WARN_BOOL_CONVERSION = YES;
				CLANG_WARN_COMMA = YES;
				CLANG_WARN_CONSTANT_CONVERSION = YES;
				CLANG_WARN_DEPRECATED_OBJC_IMPLEMENTATIONS = YES;
				CLANG_WARN_DIRECT_OBJC_ISA_USAGE = YES_ERROR;
				CLANG_WARN_DOCUMENTATION_COMMENTS = YES;
				CLANG_WARN_EMPTY_BODY = YES;
				CLANG_WARN_ENUM_CONVERSION = YES;
				CLANG_WARN_INFINITE_RECURSION = YES;
				CLANG_WARN_INT_CONVERSION = YES;
				CLANG_WARN_NON_LITERAL_NULL_CONVERSION = YES;
				CLANG_WARN_OBJC_IMPLICIT_RETAIN_SELF = YES;
				CLANG_WARN_OBJC_LITERAL_CONVERSION = YES;
				CLANG_WARN_OBJC_ROOT_CLASS = YES_ERROR;
				CLANG_WARN_RANGE_LOOP_ANALYSIS = YES;
				CLANG_WARN_STRICT_PROTOTYPES = YES;
				CLANG_WARN_SUSPICIOUS_MOVE = YES;
				CLANG_WARN_UNGUARDED_AVAILABILITY = YES_AGGRESSIVE;
				CLANG_WARN_UNREACHABLE_CODE = YES;
				CLANG_WARN__DUPLICATE_METHOD_MATCH = YES;
				CODE_SIGN_IDENTITY = "iPhone Developer";
				COPY_PHASE_STRIP = NO;
				DEBUG_INFORMATION_FORMAT = dwarf;
				ENABLE_STRICT_OBJC_MSGSEND = YES;
				ENABLE_TESTABILITY = YES;
				GCC_C_LANGUAGE_STANDARD = gnu11;
				GCC_DYNAMIC_NO_PIC = NO;
				GCC_NO_COMMON_BLOCKS = YES;
				GCC_OPTIMIZATION_LEVEL = 0;
				GCC_PREPROCESSOR_DEFINITIONS = (
					"DEBUG=1",
					"$(inherited)",
				);
				GCC_WARN_64_TO_32_BIT_CONVERSION = YES;
				GCC_WARN_ABOUT_RETURN_TYPE = YES_ERROR;
				GCC_WARN_UNDECLARED_SELECTOR = YES;
				GCC_WARN_UNINITIALIZED_AUTOS = YES_AGGRESSIVE;
				GCC_WARN_UNUSED_FUNCTION = YES;
				GCC_WARN_UNUSED_VARIABLE = YES;
				IPHONEOS_DEPLOYMENT_TARGET = 12.1;
				MTL_ENABLE_DEBUG_INFO = INCLUDE_SOURCE;
				MTL_FAST_MATH = YES;
				ONLY_ACTIVE_ARCH = YES;
				SDKROOT = iphoneos;
				SWIFT_ACTIVE_COMPILATION_CONDITIONS = DEBUG;
				SWIFT_OPTIMIZATION_LEVEL = "-Onone";
			};
			name = Debug;
		};
		B18E9699239F6F65003E2BAC /* Release */ = {
			isa = XCBuildConfiguration;
			buildSettings = {
				ALWAYS_SEARCH_USER_PATHS = NO;
				CLANG_ANALYZER_NONNULL = YES;
				CLANG_ANALYZER_NUMBER_OBJECT_CONVERSION = YES_AGGRESSIVE;
				CLANG_CXX_LANGUAGE_STANDARD = "gnu++14";
				CLANG_CXX_LIBRARY = "libc++";
				CLANG_ENABLE_MODULES = YES;
				CLANG_ENABLE_OBJC_ARC = YES;
				CLANG_ENABLE_OBJC_WEAK = YES;
				CLANG_WARN_BLOCK_CAPTURE_AUTORELEASING = YES;
				CLANG_WARN_BOOL_CONVERSION = YES;
				CLANG_WARN_COMMA = YES;
				CLANG_WARN_CONSTANT_CONVERSION = YES;
				CLANG_WARN_DEPRECATED_OBJC_IMPLEMENTATIONS = YES;
				CLANG_WARN_DIRECT_OBJC_ISA_USAGE = YES_ERROR;
				CLANG_WARN_DOCUMENTATION_COMMENTS = YES;
				CLANG_WARN_EMPTY_BODY = YES;
				CLANG_WARN_ENUM_CONVERSION = YES;
				CLANG_WARN_INFINITE_RECURSION = YES;
				CLANG_WARN_INT_CONVERSION = YES;
				CLANG_WARN_NON_LITERAL_NULL_CONVERSION = YES;
				CLANG_WARN_OBJC_IMPLICIT_RETAIN_SELF = YES;
				CLANG_WARN_OBJC_LITERAL_CONVERSION = YES;
				CLANG_WARN_OBJC_ROOT_CLASS = YES_ERROR;
				CLANG_WARN_RANGE_LOOP_ANALYSIS = YES;
				CLANG_WARN_STRICT_PROTOTYPES = YES;
				CLANG_WARN_SUSPICIOUS_MOVE = YES;
				CLANG_WARN_UNGUARDED_AVAILABILITY = YES_AGGRESSIVE;
				CLANG_WARN_UNREACHABLE_CODE = YES;
				CLANG_WARN__DUPLICATE_METHOD_MATCH = YES;
				CODE_SIGN_IDENTITY = "iPhone Developer";
				COPY_PHASE_STRIP = NO;
				DEBUG_INFORMATION_FORMAT = "dwarf-with-dsym";
				ENABLE_NS_ASSERTIONS = NO;
				ENABLE_STRICT_OBJC_MSGSEND = YES;
				GCC_C_LANGUAGE_STANDARD = gnu11;
				GCC_NO_COMMON_BLOCKS = YES;
				GCC_WARN_64_TO_32_BIT_CONVERSION = YES;
				GCC_WARN_ABOUT_RETURN_TYPE = YES_ERROR;
				GCC_WARN_UNDECLARED_SELECTOR = YES;
				GCC_WARN_UNINITIALIZED_AUTOS = YES_AGGRESSIVE;
				GCC_WARN_UNUSED_FUNCTION = YES;
				GCC_WARN_UNUSED_VARIABLE = YES;
				IPHONEOS_DEPLOYMENT_TARGET = 12.1;
				MTL_ENABLE_DEBUG_INFO = NO;
				MTL_FAST_MATH = YES;
				SDKROOT = iphoneos;
				SWIFT_COMPILATION_MODE = wholemodule;
				SWIFT_OPTIMIZATION_LEVEL = "-O";
				VALIDATE_PRODUCT = YES;
			};
			name = Release;
		};
		B18E969B239F6F65003E2BAC /* Debug */ = {
			isa = XCBuildConfiguration;
			baseConfigurationReference = EF834BA8816F513B8AE827C7 /* Pods-Assignment1.debug.xcconfig */;
			buildSettings = {
				ALWAYS_EMBED_SWIFT_STANDARD_LIBRARIES = YES;
				ASSETCATALOG_COMPILER_APPICON_NAME = AppIcon;
				CODE_SIGN_STYLE = Automatic;
				DEVELOPMENT_TEAM = Q6QM3GFRQS;
				INFOPLIST_FILE = Assignment1/Info.plist;
				LD_RUNPATH_SEARCH_PATHS = (
					"$(inherited)",
					"@executable_path/Frameworks",
				);
				PRODUCT_BUNDLE_IDENTIFIER = com.iOS.Demo.Assignment1;
				PRODUCT_NAME = "$(TARGET_NAME)";
				SWIFT_VERSION = 4.2;
				TARGETED_DEVICE_FAMILY = "1,2";
			};
			name = Debug;
		};
		B18E969C239F6F65003E2BAC /* Release */ = {
			isa = XCBuildConfiguration;
			baseConfigurationReference = 9B80265AF085D3AA9E7EE58F /* Pods-Assignment1.release.xcconfig */;
			buildSettings = {
				ALWAYS_EMBED_SWIFT_STANDARD_LIBRARIES = YES;
				ASSETCATALOG_COMPILER_APPICON_NAME = AppIcon;
				CODE_SIGN_STYLE = Automatic;
				DEVELOPMENT_TEAM = Q6QM3GFRQS;
				INFOPLIST_FILE = Assignment1/Info.plist;
				LD_RUNPATH_SEARCH_PATHS = (
					"$(inherited)",
					"@executable_path/Frameworks",
				);
				PRODUCT_BUNDLE_IDENTIFIER = com.iOS.Demo.Assignment1;
				PRODUCT_NAME = "$(TARGET_NAME)";
				SWIFT_VERSION = 4.2;
				TARGETED_DEVICE_FAMILY = "1,2";
			};
			name = Release;
		};
/* End XCBuildConfiguration section */

/* Begin XCConfigurationList section */
		B18E9680239F6F64003E2BAC /* Build configuration list for PBXProject "Assignment1" */ = {
			isa = XCConfigurationList;
			buildConfigurations = (
				B18E9698239F6F65003E2BAC /* Debug */,
				B18E9699239F6F65003E2BAC /* Release */,
			);
			defaultConfigurationIsVisible = 0;
			defaultConfigurationName = Release;
		};
		B18E969A239F6F65003E2BAC /* Build configuration list for PBXNativeTarget "Assignment1" */ = {
			isa = XCConfigurationList;
			buildConfigurations = (
				B18E969B239F6F65003E2BAC /* Debug */,
				B18E969C239F6F65003E2BAC /* Release */,
			);
			defaultConfigurationIsVisible = 0;
			defaultConfigurationName = Release;
		};
/* End XCConfigurationList section */

/* Begin XCVersionGroup section */
		B109C6AE23A24D3D000AF35A /* Assignment1.xcdatamodeld */ = {
			isa = XCVersionGroup;
			children = (
				B109C6AF23A24D3D000AF35A /* Assignment1.xcdatamodel */,
			);
			currentVersion = B109C6AF23A24D3D000AF35A /* Assignment1.xcdatamodel */;
			path = Assignment1.xcdatamodeld;
			sourceTree = "<group>";
			versionGroupType = wrapper.xcdatamodel;
		};
/* End XCVersionGroup section */
	};
	rootObject = B18E967D239F6F64003E2BAC /* Project object */;
}
